
Microsoft Visual Studio Solution File, Format Version 12.00
# Visual Studio 2013
VisualStudioVersion = 12.0.21005.1
MinimumVisualStudioVersion = 10.0.40219.1
Project("{FAE04EC0-301F-11D3-BF4B-00C04F79EFBC}") = "LosslessJPEG", "LosslessJPEG\LosslessJPEG.csproj", "{0CAEA6F0-9641-40F1-8CDE-45DF9109BDC8}"
EndProject
Project("{FAE04EC0-301F-11D3-BF4B-00C04F79EFBC}") = "JpegTest", "JpegTest\JpegTest.csproj", "{CBEF27F8-B525-4FE4-ADE7-FC665BF3D856}"
EndProject
Global
	GlobalSection(SolutionConfigurationPlatforms) = preSolution
		Debug|Any CPU = Debug|Any CPU
		Release|Any CPU = Release|Any CPU
	EndGlobalSection
	GlobalSection(ProjectConfigurationPlatforms) = postSolution
		{0CAEA6F0-9641-40F1-8CDE-45DF9109BDC8}.Debug|Any CPU.ActiveCfg = Debug|Any CPU
		{0CAEA6F0-9641-40F1-8CDE-45DF9109BDC8}.Debug|Any CPU.Build.0 = Debug|Any CPU
		{0CAEA6F0-9641-40F1-8CDE-45DF9109BDC8}.Release|Any CPU.ActiveCfg = Release|Any CPU
		{0CAEA6F0-9641-40F1-8CDE-45DF9109BDC8}.Release|Any CPU.Build.0 = Release|Any CPU
		{CBEF27F8-B525-4FE4-ADE7-FC665BF3D856}.Debug|Any CPU.ActiveCfg = Debug|Any CPU
		{CBEF27F8-B525-4FE4-ADE7-FC665BF3D856}.Debug|Any CPU.Build.0 = Debug|Any CPU
		{CBEF27F8-B525-4FE4-ADE7-FC665BF3D856}.Release|Any CPU.ActiveCfg = Release|Any CPU
		{CBEF27F8-B525-4FE4-ADE7-FC665BF3D856}.Release|Any CPU.Build.0 = Release|Any CPU
	EndGlobalSection
	GlobalSection(SolutionProperties) = preSolution
		HideSolutionNode = FALSE
	EndGlobalSection
EndGlobal
